
Microsoft Visual Studio Solution File, Format Version 12.00
# Visual Studio Version 16
VisualStudioVersion = 16.0.31005.135
MinimumVisualStudioVersion = 10.0.40219.1
Project("{9A19103F-16F7-4668-BE54-9A1E7A4F7556}") = "Business", "Business\Business.csproj", "{FD0C10CB-0E22-4B65-B44A-23AFEBDC0945}"
EndProject
Project("{9A19103F-16F7-4668-BE54-9A1E7A4F7556}") = "Core", "Core\Core.csproj", "{B51D2767-05EE-4B02-83B1-65CDA61DD884}"
EndProject
Project("{9A19103F-16F7-4668-BE54-9A1E7A4F7556}") = "DataAccess", "DataAccess\DataAccess.csproj", "{F7A9E2D7-ADE2-4CD8-9EB8-EBE7411F63C8}"
EndProject
Project("{9A19103F-16F7-4668-BE54-9A1E7A4F7556}") = "Entities", "Entities\Entities.csproj", "{827F7252-846F-431D-ADC5-C642D42B627E}"
EndProject
Project("{9A19103F-16F7-4668-BE54-9A1E7A4F7556}") = "WebAPI", "WebAPI\WebAPI.csproj", "{AE6EB6B9-9537-4417-9BAF-1FD5DAFD75D4}"
EndProject
Global
	GlobalSection(SolutionConfigurationPlatforms) = preSolution
		Debug|Any CPU = Debug|Any CPU
		Release|Any CPU = Release|Any CPU
	EndGlobalSection
	GlobalSection(ProjectConfigurationPlatforms) = postSolution
		{FD0C10CB-0E22-4B65-B44A-23AFEBDC0945}.Debug|Any CPU.ActiveCfg = Debug|Any CPU
		{FD0C10CB-0E22-4B65-B44A-23AFEBDC0945}.Debug|Any CPU.Build.0 = Debug|Any CPU
		{FD0C10CB-0E22-4B65-B44A-23AFEBDC0945}.Release|Any CPU.ActiveCfg = Release|Any CPU
		{FD0C10CB-0E22-4B65-B44A-23AFEBDC0945}.Release|Any CPU.Build.0 = Release|Any CPU
		{B51D2767-05EE-4B02-83B1-65CDA61DD884}.Debug|Any CPU.ActiveCfg = Debug|Any CPU
		{B51D2767-05EE-4B02-83B1-65CDA61DD884}.Debug|Any CPU.Build.0 = Debug|Any CPU
		{B51D2767-05EE-4B02-83B1-65CDA61DD884}.Release|Any CPU.ActiveCfg = Release|Any CPU
		{B51D2767-05EE-4B02-83B1-65CDA61DD884}.Release|Any CPU.Build.0 = Release|Any CPU
		{F7A9E2D7-ADE2-4CD8-9EB8-EBE7411F63C8}.Debug|Any CPU.ActiveCfg = Debug|Any CPU
		{F7A9E2D7-ADE2-4CD8-9EB8-EBE7411F63C8}.Debug|Any CPU.Build.0 = Debug|Any CPU
		{F7A9E2D7-ADE2-4CD8-9EB8-EBE7411F63C8}.Release|Any CPU.ActiveCfg = Release|Any CPU
		{F7A9E2D7-ADE2-4CD8-9EB8-EBE7411F63C8}.Release|Any CPU.Build.0 = Release|Any CPU
		{827F7252-846F-431D-ADC5-C642D42B627E}.Debug|Any CPU.ActiveCfg = Debug|Any CPU
		{827F7252-846F-431D-ADC5-C642D42B627E}.Debug|Any CPU.Build.0 = Debug|Any CPU
		{827F7252-846F-431D-ADC5-C642D42B627E}.Release|Any CPU.ActiveCfg = Release|Any CPU
		{827F7252-846F-431D-ADC5-C642D42B627E}.Release|Any CPU.Build.0 = Release|Any CPU
		{AE6EB6B9-9537-4417-9BAF-1FD5DAFD75D4}.Debug|Any CPU.ActiveCfg = Debug|Any CPU
		{AE6EB6B9-9537-4417-9BAF-1FD5DAFD75D4}.Debug|Any CPU.Build.0 = Debug|Any CPU
		{AE6EB6B9-9537-4417-9BAF-1FD5DAFD75D4}.Release|Any CPU.ActiveCfg = Release|Any CPU
		{AE6EB6B9-9537-4417-9BAF-1FD5DAFD75D4}.Release|Any CPU.Build.0 = Release|Any CPU
	EndGlobalSection
	GlobalSection(SolutionProperties) = preSolution
		HideSolutionNode = FALSE
	EndGlobalSection
	GlobalSection(ExtensibilityGlobals) = postSolution
		SolutionGuid = {1FB95F38-54F9-4753-8B5F-50ED6E89C75D}
	EndGlobalSection
EndGlobal
